
Microsoft Visual Studio Solution File, Format Version 11.00
# Visual Studio 2010
Project("{8BC9CEB8-8B4A-11D0-8D11-00A0C91BC942}") = "zepv3", "zepv3\zepv3.vcxproj", "{E996C537-5427-4008-A48B-97C41B76CC8F}"
EndProject
Global
	GlobalSection(SolutionConfigurationPlatforms) = preSolution
		Debug|Win32 = Debug|Win32
		Release|Win32 = Release|Win32
	EndGlobalSection
	GlobalSection(ProjectConfigurationPlatforms) = postSolution
		{E996C537-5427-4008-A48B-97C41B76CC8F}.Debug|Win32.ActiveCfg = Debug|Win32
		{E996C537-5427-4008-A48B-97C41B76CC8F}.Debug|Win32.Build.0 = Debug|Win32
		{E996C537-5427-4008-A48B-97C41B76CC8F}.Release|Win32.ActiveCfg = Release|Win32
		{E996C537-5427-4008-A48B-97C41B76CC8F}.Release|Win32.Build.0 = Release|Win32
	EndGlobalSection
	GlobalSection(SolutionProperties) = preSolution
		HideSolutionNode = FALSE
	EndGlobalSection
EndGlobal
